
Microsoft Visual Studio Solution File, Format Version 12.00
# Visual Studio 2012
Project("{FAE04EC0-301F-11D3-BF4B-00C04F79EFBC}") = "FellowshipOne.API", "FellowshipOne.API\FellowshipOne.API.csproj", "{0A69FA42-AFDD-4867-A3BB-6260FD3355BA}"
EndProject
Project("{2150E333-8FDC-42A3-9474-1A3956D46DE8}") = ".nuget", ".nuget", "{83531A24-514B-4BFA-8899-C02E9187B0B2}"
	ProjectSection(SolutionItems) = preProject
		.nuget\NuGet.Config = .nuget\NuGet.Config
		.nuget\NuGet.exe = .nuget\NuGet.exe
		.nuget\NuGet.targets = .nuget\NuGet.targets
	EndProjectSection
EndProject
Project("{FAE04EC0-301F-11D3-BF4B-00C04F79EFBC}") = "FellowshipOne.API.Tests", "FellowshipOne.API.Tests\FellowshipOne.API.Tests.csproj", "{52ED5E40-4202-446B-AC54-0D5C8C3E7CD4}"
EndProject
Project("{FAE04EC0-301F-11D3-BF4B-00C04F79EFBC}") = "Restify", "..\restify\Restify\Restify.csproj", "{1F97B86F-D2E6-43F4-9595-D01859A357D7}"
EndProject
Project("{FAE04EC0-301F-11D3-BF4B-00C04F79EFBC}") = "RestSharp", "..\RestSharp\RestSharp\RestSharp.csproj", "{2ECECFBF-5F3E-40EE-A963-72336DC7ABE2}"
EndProject
Global
	GlobalSection(SolutionConfigurationPlatforms) = preSolution
		Debug|Any CPU = Debug|Any CPU
		Release|Any CPU = Release|Any CPU
	EndGlobalSection
	GlobalSection(ProjectConfigurationPlatforms) = postSolution
		{0A69FA42-AFDD-4867-A3BB-6260FD3355BA}.Debug|Any CPU.ActiveCfg = Debug|Any CPU
		{0A69FA42-AFDD-4867-A3BB-6260FD3355BA}.Debug|Any CPU.Build.0 = Debug|Any CPU
		{0A69FA42-AFDD-4867-A3BB-6260FD3355BA}.Release|Any CPU.ActiveCfg = Release|Any CPU
		{0A69FA42-AFDD-4867-A3BB-6260FD3355BA}.Release|Any CPU.Build.0 = Release|Any CPU
		{52ED5E40-4202-446B-AC54-0D5C8C3E7CD4}.Debug|Any CPU.ActiveCfg = Debug|Any CPU
		{52ED5E40-4202-446B-AC54-0D5C8C3E7CD4}.Debug|Any CPU.Build.0 = Debug|Any CPU
		{52ED5E40-4202-446B-AC54-0D5C8C3E7CD4}.Release|Any CPU.ActiveCfg = Release|Any CPU
		{52ED5E40-4202-446B-AC54-0D5C8C3E7CD4}.Release|Any CPU.Build.0 = Release|Any CPU
		{1F97B86F-D2E6-43F4-9595-D01859A357D7}.Debug|Any CPU.ActiveCfg = Debug|Any CPU
		{1F97B86F-D2E6-43F4-9595-D01859A357D7}.Debug|Any CPU.Build.0 = Debug|Any CPU
		{1F97B86F-D2E6-43F4-9595-D01859A357D7}.Release|Any CPU.ActiveCfg = Release|Any CPU
		{1F97B86F-D2E6-43F4-9595-D01859A357D7}.Release|Any CPU.Build.0 = Release|Any CPU
		{2ECECFBF-5F3E-40EE-A963-72336DC7ABE2}.Debug|Any CPU.ActiveCfg = Debug|Any CPU
		{2ECECFBF-5F3E-40EE-A963-72336DC7ABE2}.Debug|Any CPU.Build.0 = Debug|Any CPU
		{2ECECFBF-5F3E-40EE-A963-72336DC7ABE2}.Release|Any CPU.ActiveCfg = Release|Any CPU
		{2ECECFBF-5F3E-40EE-A963-72336DC7ABE2}.Release|Any CPU.Build.0 = Release|Any CPU
	EndGlobalSection
	GlobalSection(SolutionProperties) = preSolution
		HideSolutionNode = FALSE
	EndGlobalSection
EndGlobal
